<Solution>
  <Folder Name="/documentos/" />
  <Folder Name="/Elementos de la solución/">
    <File Path="auditar_duplicados.py" />
    <File Path="config.py" />
    <File Path="diagnostico_supabase.py" />
    <File Path="importar_word.py" />
    <File Path="main.py" />
    <File Path="probar_supabase_db.py" />
    <File Path="supabase_db.py" />
  </Folder>
</Solution>
